
Microsoft Visual Studio Solution File, Format Version 12.00
# Visual Studio Version 17
VisualStudioVersion = 17.12.35707.178 d17.12
MinimumVisualStudioVersion = 10.0.40219.1
Project("{FAE04EC0-301F-11D3-BF4B-00C04F79EFBC}") = "ProjectTemplate", "ProjectTemplate\ProjectTemplate.csproj", "{259A06F5-E8C4-4730-AC3C-F3118159CBD7}"
EndProject
Project("{888888A0-9F3D-457C-B088-3A5042F75D52}") = "gpt_integration", "gpt_integration\gpt_integration.pyproj", "{D842050C-0A21-4870-BFC0-17FB1C72E8D6}"
EndProject
Global
	GlobalSection(SolutionConfigurationPlatforms) = preSolution
		Debug|Any CPU = Debug|Any CPU
		Release|Any CPU = Release|Any CPU
	EndGlobalSection
	GlobalSection(ProjectConfigurationPlatforms) = postSolution
		{259A06F5-E8C4-4730-AC3C-F3118159CBD7}.Debug|Any CPU.ActiveCfg = Debug|Any CPU
		{259A06F5-E8C4-4730-AC3C-F3118159CBD7}.Debug|Any CPU.Build.0 = Debug|Any CPU
		{259A06F5-E8C4-4730-AC3C-F3118159CBD7}.Release|Any CPU.ActiveCfg = Release|Any CPU
		{259A06F5-E8C4-4730-AC3C-F3118159CBD7}.Release|Any CPU.Build.0 = Release|Any CPU
		{D842050C-0A21-4870-BFC0-17FB1C72E8D6}.Debug|Any CPU.ActiveCfg = Debug|Any CPU
		{D842050C-0A21-4870-BFC0-17FB1C72E8D6}.Release|Any CPU.ActiveCfg = Release|Any CPU
	EndGlobalSection
	GlobalSection(SolutionProperties) = preSolution
		HideSolutionNode = FALSE
	EndGlobalSection
	GlobalSection(ExtensibilityGlobals) = postSolution
		SolutionGuid = {322D1DB1-4E81-4AAE-94D7-74E6547506E6}
	EndGlobalSection
EndGlobal
